
Microsoft Visual Studio Solution File, Format Version 12.00
# Visual Studio Version 16
VisualStudioVersion = 16.0.28705.295
MinimumVisualStudioVersion = 10.0.40219.1
Project("{8BC9CEB8-8B4A-11D0-8D11-00A0C91BC942}") = "HannaCLIEngine", "HannaCLIEngine\HannaCLIEngine.vcxproj", "{24E2037E-6D64-486C-AA16-790C95E7DC33}"
EndProject
Project("{FAE04EC0-301F-11D3-BF4B-00C04F79EFBC}") = "Hanna-Studio", "Hanna-Studio\Hanna-Studio.csproj", "{111CE03D-DD5D-4888-B55F-32F812946DDB}"
	ProjectSection(ProjectDependencies) = postProject
		{24E2037E-6D64-486C-AA16-790C95E7DC33} = {24E2037E-6D64-486C-AA16-790C95E7DC33}
	EndProjectSection
EndProject
Global
	GlobalSection(SolutionConfigurationPlatforms) = preSolution
		Debug|Any CPU = Debug|Any CPU
		Debug|x64 = Debug|x64
		Debug|x86 = Debug|x86
		Release|Any CPU = Release|Any CPU
		Release|x64 = Release|x64
		Release|x86 = Release|x86
	EndGlobalSection
	GlobalSection(ProjectConfigurationPlatforms) = postSolution
		{24E2037E-6D64-486C-AA16-790C95E7DC33}.Debug|Any CPU.ActiveCfg = Debug|Win32
		{24E2037E-6D64-486C-AA16-790C95E7DC33}.Debug|x64.ActiveCfg = Debug|x64
		{24E2037E-6D64-486C-AA16-790C95E7DC33}.Debug|x64.Build.0 = Debug|x64
		{24E2037E-6D64-486C-AA16-790C95E7DC33}.Debug|x86.ActiveCfg = Debug|Win32
		{24E2037E-6D64-486C-AA16-790C95E7DC33}.Debug|x86.Build.0 = Debug|Win32
		{24E2037E-6D64-486C-AA16-790C95E7DC33}.Release|Any CPU.ActiveCfg = Release|Win32
		{24E2037E-6D64-486C-AA16-790C95E7DC33}.Release|x64.ActiveCfg = Release|x64
		{24E2037E-6D64-486C-AA16-790C95E7DC33}.Release|x64.Build.0 = Release|x64
		{24E2037E-6D64-486C-AA16-790C95E7DC33}.Release|x86.ActiveCfg = Release|Win32
		{24E2037E-6D64-486C-AA16-790C95E7DC33}.Release|x86.Build.0 = Release|Win32
		{111CE03D-DD5D-4888-B55F-32F812946DDB}.Debug|Any CPU.ActiveCfg = Debug|Any CPU
		{111CE03D-DD5D-4888-B55F-32F812946DDB}.Debug|Any CPU.Build.0 = Debug|Any CPU
		{111CE03D-DD5D-4888-B55F-32F812946DDB}.Debug|x64.ActiveCfg = Debug|Any CPU
		{111CE03D-DD5D-4888-B55F-32F812946DDB}.Debug|x64.Build.0 = Debug|Any CPU
		{111CE03D-DD5D-4888-B55F-32F812946DDB}.Debug|x86.ActiveCfg = Debug|Any CPU
		{111CE03D-DD5D-4888-B55F-32F812946DDB}.Debug|x86.Build.0 = Debug|Any CPU
		{111CE03D-DD5D-4888-B55F-32F812946DDB}.Release|Any CPU.ActiveCfg = Release|Any CPU
		{111CE03D-DD5D-4888-B55F-32F812946DDB}.Release|Any CPU.Build.0 = Release|Any CPU
		{111CE03D-DD5D-4888-B55F-32F812946DDB}.Release|x64.ActiveCfg = Release|Any CPU
		{111CE03D-DD5D-4888-B55F-32F812946DDB}.Release|x64.Build.0 = Release|Any CPU
		{111CE03D-DD5D-4888-B55F-32F812946DDB}.Release|x86.ActiveCfg = Release|Any CPU
		{111CE03D-DD5D-4888-B55F-32F812946DDB}.Release|x86.Build.0 = Release|Any CPU
	EndGlobalSection
	GlobalSection(SolutionProperties) = preSolution
		HideSolutionNode = FALSE
	EndGlobalSection
	GlobalSection(ExtensibilityGlobals) = postSolution
		SolutionGuid = {561B6FD0-5597-4D1D-AEC5-32456118DBB6}
	EndGlobalSection
EndGlobal
